// !$*UTF8*$!
{
	archiveVersion = 1;
	classes = {
	};
	objectVersion = 50;
	objects = {

/* Begin PBXBuildFile section */
		03A96CC3251395AD00E8BA19 /* AppDelegate.mm in Sources */ = {isa = PBXBuildFile; fileRef = 03A96CC2251395AD00E8BA19 /* AppDelegate.mm */; };
		03A96CC6251395AD00E8BA19 /* ViewController.mm in Sources */ = {isa = PBXBuildFile; fileRef = 03A96CC5251395AD00E8BA19 /* ViewController.mm */; };
		03A96CC8251395B100E8BA19 /* Assets.xcassets in Resources */ = {isa = PBXBuildFile; fileRef = 03A96CC7251395B100E8BA19 /* Assets.xcassets */; };
		03A96CCB251395B100E8BA19 /* Main.storyboard in Resources */ = {isa = PBXBuildFile; fileRef = 03A96CC9251395B100E8BA19 /* Main.storyboard */; };
		03A96CCE251395B100E8BA19 /* main.m in Sources */ = {isa = PBXBuildFile; fileRef = 03A96CCD251395B100E8BA19 /* main.m */; };
		03A96CD725139D3700E8BA19 /* AnimDataConverter.mm in Sources */ = {isa = PBXBuildFile; fileRef = 03A96CD625139D3700E8BA19 /* AnimDataConverter.mm */; };
		03A96CDE25139D4300E8BA19 /* ConvexHullAlgorithm.mm in Sources */ = {isa = PBXBuildFile; fileRef = 03A96CD925139D4200E8BA19 /* ConvexHullAlgorithm.mm */; };
		03A96CDF25139D4300E8BA19 /* DataConverter.mm in Sources */ = {isa = PBXBuildFile; fileRef = 03A96CDA25139D4200E8BA19 /* DataConverter.mm */; };
		03A96CE225139D4900E8BA19 /* ImageConverter.mm in Sources */ = {isa = PBXBuildFile; fileRef = 03A96CE025139D4900E8BA19 /* ImageConverter.mm */; };
		03A96CED25139D5500E8BA19 /* MeshDataConverter.mm in Sources */ = {isa = PBXBuildFile; fileRef = 03A96CE425139D5500E8BA19 /* MeshDataConverter.mm */; };
		03A96CEE25139D5500E8BA19 /* lodepng.mm in Sources */ = {isa = PBXBuildFile; fileRef = 03A96CE725139D5500E8BA19 /* lodepng.mm */; };
		03A96CEF25139D5500E8BA19 /* Numerical.cpp in Sources */ = {isa = PBXBuildFile; fileRef = 03A96CEA25139D5500E8BA19 /* Numerical.cpp */; };
		03A96CF325139D5D00E8BA19 /* tinyxml2.mm in Sources */ = {isa = PBXBuildFile; fileRef = 03A96CF125139D5D00E8BA19 /* tinyxml2.mm */; };
		03A96CF625139E2300E8BA19 /* ParticleDataConverter.mm in Sources */ = {isa = PBXBuildFile; fileRef = 03A96CF425139E2200E8BA19 /* ParticleDataConverter.mm */; };
/* End PBXBuildFile section */

/* Begin PBXFileReference section */
		03A96CBE251395AD00E8BA19 /* DigitalAssetConverter.app */ = {isa = PBXFileReference; explicitFileType = wrapper.application; includeInIndex = 0; path = DigitalAssetConverter.app; sourceTree = BUILT_PRODUCTS_DIR; };
		03A96CC1251395AD00E8BA19 /* AppDelegate.h */ = {isa = PBXFileReference; lastKnownFileType = sourcecode.c.h; path = AppDelegate.h; sourceTree = "<group>"; };
		03A96CC2251395AD00E8BA19 /* AppDelegate.mm */ = {isa = PBXFileReference; lastKnownFileType = sourcecode.cpp.objcpp; path = AppDelegate.mm; sourceTree = "<group>"; };
		03A96CC4251395AD00E8BA19 /* ViewController.h */ = {isa = PBXFileReference; lastKnownFileType = sourcecode.c.h; path = ViewController.h; sourceTree = "<group>"; };
		03A96CC5251395AD00E8BA19 /* ViewController.mm */ = {isa = PBXFileReference; lastKnownFileType = sourcecode.cpp.objcpp; path = ViewController.mm; sourceTree = "<group>"; };
		03A96CC7251395B100E8BA19 /* Assets.xcassets */ = {isa = PBXFileReference; lastKnownFileType = folder.assetcatalog; path = Assets.xcassets; sourceTree = "<group>"; };
		03A96CCA251395B100E8BA19 /* Base */ = {isa = PBXFileReference; lastKnownFileType = file.storyboard; name = Base; path = Base.lproj/Main.storyboard; sourceTree = "<group>"; };
		03A96CCC251395B100E8BA19 /* Info.plist */ = {isa = PBXFileReference; lastKnownFileType = text.plist.xml; path = Info.plist; sourceTree = "<group>"; };
		03A96CCD251395B100E8BA19 /* main.m */ = {isa = PBXFileReference; lastKnownFileType = sourcecode.c.objc; path = main.m; sourceTree = "<group>"; };
		03A96CCF251395B100E8BA19 /* DigitalAssetConverter.entitlements */ = {isa = PBXFileReference; lastKnownFileType = text.plist.entitlements; path = DigitalAssetConverter.entitlements; sourceTree = "<group>"; };
		03A96CD525139D3700E8BA19 /* AnimDataConverter.h */ = {isa = PBXFileReference; fileEncoding = 4; lastKnownFileType = sourcecode.c.h; path = AnimDataConverter.h; sourceTree = "<group>"; };
		03A96CD625139D3700E8BA19 /* AnimDataConverter.mm */ = {isa = PBXFileReference; fileEncoding = 4; lastKnownFileType = sourcecode.cpp.objcpp; path = AnimDataConverter.mm; sourceTree = "<group>"; };
		03A96CD825139D4200E8BA19 /* CommonProtocols.h */ = {isa = PBXFileReference; fileEncoding = 4; lastKnownFileType = sourcecode.c.h; path = CommonProtocols.h; sourceTree = "<group>"; };
		03A96CD925139D4200E8BA19 /* ConvexHullAlgorithm.mm */ = {isa = PBXFileReference; fileEncoding = 4; lastKnownFileType = sourcecode.cpp.objcpp; path = ConvexHullAlgorithm.mm; sourceTree = "<group>"; };
		03A96CDA25139D4200E8BA19 /* DataConverter.mm */ = {isa = PBXFileReference; fileEncoding = 4; lastKnownFileType = sourcecode.cpp.objcpp; path = DataConverter.mm; sourceTree = "<group>"; };
		03A96CDB25139D4200E8BA19 /* ConvexHullAlgorithm.h */ = {isa = PBXFileReference; fileEncoding = 4; lastKnownFileType = sourcecode.c.h; path = ConvexHullAlgorithm.h; sourceTree = "<group>"; };
		03A96CDC25139D4300E8BA19 /* DataConverter.h */ = {isa = PBXFileReference; fileEncoding = 4; lastKnownFileType = sourcecode.c.h; path = DataConverter.h; sourceTree = "<group>"; };
		03A96CDD25139D4300E8BA19 /* Constants.h */ = {isa = PBXFileReference; fileEncoding = 4; lastKnownFileType = sourcecode.c.h; path = Constants.h; sourceTree = "<group>"; };
		03A96CE025139D4900E8BA19 /* ImageConverter.mm */ = {isa = PBXFileReference; fileEncoding = 4; lastKnownFileType = sourcecode.cpp.objcpp; path = ImageConverter.mm; sourceTree = "<group>"; };
		03A96CE125139D4900E8BA19 /* ImageConverter.h */ = {isa = PBXFileReference; fileEncoding = 4; lastKnownFileType = sourcecode.c.h; path = ImageConverter.h; sourceTree = "<group>"; };
		03A96CE425139D5500E8BA19 /* MeshDataConverter.mm */ = {isa = PBXFileReference; fileEncoding = 4; lastKnownFileType = sourcecode.cpp.objcpp; path = MeshDataConverter.mm; sourceTree = "<group>"; };
		03A96CE625139D5500E8BA19 /* lodepng.h */ = {isa = PBXFileReference; fileEncoding = 4; lastKnownFileType = sourcecode.c.h; path = lodepng.h; sourceTree = "<group>"; };
		03A96CE725139D5500E8BA19 /* lodepng.mm */ = {isa = PBXFileReference; fileEncoding = 4; lastKnownFileType = sourcecode.cpp.objcpp; path = lodepng.mm; sourceTree = "<group>"; };
		03A96CE825139D5500E8BA19 /* MeshDataConverter.h */ = {isa = PBXFileReference; fileEncoding = 4; lastKnownFileType = sourcecode.c.h; path = MeshDataConverter.h; sourceTree = "<group>"; };
		03A96CE925139D5500E8BA19 /* Numerical.h */ = {isa = PBXFileReference; fileEncoding = 4; lastKnownFileType = sourcecode.c.h; path = Numerical.h; sourceTree = "<group>"; };
		03A96CEA25139D5500E8BA19 /* Numerical.cpp */ = {isa = PBXFileReference; fileEncoding = 4; lastKnownFileType = sourcecode.cpp.cpp; path = Numerical.cpp; sourceTree = "<group>"; };
		03A96CF125139D5D00E8BA19 /* tinyxml2.mm */ = {isa = PBXFileReference; fileEncoding = 4; lastKnownFileType = sourcecode.cpp.objcpp; path = tinyxml2.mm; sourceTree = "<group>"; };
		03A96CF225139D5D00E8BA19 /* tinyxml2.h */ = {isa = PBXFileReference; fileEncoding = 4; lastKnownFileType = sourcecode.c.h; path = tinyxml2.h; sourceTree = "<group>"; };
		03A96CF425139E2200E8BA19 /* ParticleDataConverter.mm */ = {isa = PBXFileReference; fileEncoding = 4; lastKnownFileType = sourcecode.cpp.objcpp; path = ParticleDataConverter.mm; sourceTree = "<group>"; };
		03A96CF525139E2200E8BA19 /* ParticleDataConverter.h */ = {isa = PBXFileReference; fileEncoding = 4; lastKnownFileType = sourcecode.c.h; path = ParticleDataConverter.h; sourceTree = "<group>"; };
/* End PBXFileReference section */

/* Begin PBXFrameworksBuildPhase section */
		03A96CBB251395AD00E8BA19 /* Frameworks */ = {
			isa = PBXFrameworksBuildPhase;
			buildActionMask = 2147483647;
			files = (
			);
			runOnlyForDeploymentPostprocessing = 0;
		};
/* End PBXFrameworksBuildPhase section */

/* Begin PBXGroup section */
		03A96CB5251395AD00E8BA19 = {
			isa = PBXGroup;
			children = (
				03A96CC0251395AD00E8BA19 /* DigitalAssetConverter */,
				03A96CBF251395AD00E8BA19 /* Products */,
			);
			sourceTree = "<group>";
		};
		03A96CBF251395AD00E8BA19 /* Products */ = {
			isa = PBXGroup;
			children = (
				03A96CBE251395AD00E8BA19 /* DigitalAssetConverter.app */,
			);
			name = Products;
			sourceTree = "<group>";
		};
		03A96CC0251395AD00E8BA19 /* DigitalAssetConverter */ = {
			isa = PBXGroup;
			children = (
				03A96CE425139D5500E8BA19 /* MeshDataConverter.mm */,
				03A96CE825139D5500E8BA19 /* MeshDataConverter.h */,
				03A96CF525139E2200E8BA19 /* ParticleDataConverter.h */,
				03A96CF425139E2200E8BA19 /* ParticleDataConverter.mm */,
				03A96CEA25139D5500E8BA19 /* Numerical.cpp */,
				03A96CE925139D5500E8BA19 /* Numerical.h */,
				03A96CF025139D5D00E8BA19 /* XMLParser */,
				03A96CE525139D5500E8BA19 /* PNGLoader */,
				03A96CE025139D4900E8BA19 /* ImageConverter.mm */,
				03A96CE125139D4900E8BA19 /* ImageConverter.h */,
				03A96CD825139D4200E8BA19 /* CommonProtocols.h */,
				03A96CDD25139D4300E8BA19 /* Constants.h */,
				03A96CD925139D4200E8BA19 /* ConvexHullAlgorithm.mm */,
				03A96CDB25139D4200E8BA19 /* ConvexHullAlgorithm.h */,
				03A96CDA25139D4200E8BA19 /* DataConverter.mm */,
				03A96CDC25139D4300E8BA19 /* DataConverter.h */,
				03A96CD625139D3700E8BA19 /* AnimDataConverter.mm */,
				03A96CD525139D3700E8BA19 /* AnimDataConverter.h */,
				03A96CC1251395AD00E8BA19 /* AppDelegate.h */,
				03A96CC2251395AD00E8BA19 /* AppDelegate.mm */,
				03A96CC4251395AD00E8BA19 /* ViewController.h */,
				03A96CC5251395AD00E8BA19 /* ViewController.mm */,
				03A96CC7251395B100E8BA19 /* Assets.xcassets */,
				03A96CC9251395B100E8BA19 /* Main.storyboard */,
				03A96CCC251395B100E8BA19 /* Info.plist */,
				03A96CCD251395B100E8BA19 /* main.m */,
				03A96CCF251395B100E8BA19 /* DigitalAssetConverter.entitlements */,
			);
			path = DigitalAssetConverter;
			sourceTree = "<group>";
		};
		03A96CE525139D5500E8BA19 /* PNGLoader */ = {
			isa = PBXGroup;
			children = (
				03A96CE625139D5500E8BA19 /* lodepng.h */,
				03A96CE725139D5500E8BA19 /* lodepng.mm */,
			);
			path = PNGLoader;
			sourceTree = "<group>";
		};
		03A96CF025139D5D00E8BA19 /* XMLParser */ = {
			isa = PBXGroup;
			children = (
				03A96CF125139D5D00E8BA19 /* tinyxml2.mm */,
				03A96CF225139D5D00E8BA19 /* tinyxml2.h */,
			);
			path = XMLParser;
			sourceTree = "<group>";
		};
/* End PBXGroup section */

/* Begin PBXNativeTarget section */
		03A96CBD251395AD00E8BA19 /* DigitalAssetConverter */ = {
			isa = PBXNativeTarget;
			buildConfigurationList = 03A96CD2251395B100E8BA19 /* Build configuration list for PBXNativeTarget "DigitalAssetConverter" */;
			buildPhases = (
				03A96CBA251395AD00E8BA19 /* Sources */,
				03A96CBB251395AD00E8BA19 /* Frameworks */,
				03A96CBC251395AD00E8BA19 /* Resources */,
			);
			buildRules = (
			);
			dependencies = (
			);
			name = DigitalAssetConverter;
			productName = DigitalAssetConverter;
			productReference = 03A96CBE251395AD00E8BA19 /* DigitalAssetConverter.app */;
			productType = "com.apple.product-type.application";
		};
/* End PBXNativeTarget section */

/* Begin PBXProject section */
		03A96CB6251395AD00E8BA19 /* Project object */ = {
			isa = PBXProject;
			attributes = {
				LastUpgradeCheck = 1160;
				ORGANIZATIONNAME = "Untold Engine Studios";
				TargetAttributes = {
					03A96CBD251395AD00E8BA19 = {
						CreatedOnToolsVersion = 11.6;
					};
				};
			};
			buildConfigurationList = 03A96CB9251395AD00E8BA19 /* Build configuration list for PBXProject "DigitalAssetConverter" */;
			compatibilityVersion = "Xcode 9.3";
			developmentRegion = en;
			hasScannedForEncodings = 0;
			knownRegions = (
				en,
				Base,
			);
			mainGroup = 03A96CB5251395AD00E8BA19;
			productRefGroup = 03A96CBF251395AD00E8BA19 /* Products */;
			projectDirPath = "";
			projectRoot = "";
			targets = (
				03A96CBD251395AD00E8BA19 /* DigitalAssetConverter */,
			);
		};
/* End PBXProject section */

/* Begin PBXResourcesBuildPhase section */
		03A96CBC251395AD00E8BA19 /* Resources */ = {
			isa = PBXResourcesBuildPhase;
			buildActionMask = 2147483647;
			files = (
				03A96CC8251395B100E8BA19 /* Assets.xcassets in Resources */,
				03A96CCB251395B100E8BA19 /* Main.storyboard in Resources */,
			);
			runOnlyForDeploymentPostprocessing = 0;
		};
/* End PBXResourcesBuildPhase section */

/* Begin PBXSourcesBuildPhase section */
		03A96CBA251395AD00E8BA19 /* Sources */ = {
			isa = PBXSourcesBuildPhase;
			buildActionMask = 2147483647;
			files = (
				03A96CE225139D4900E8BA19 /* ImageConverter.mm in Sources */,
				03A96CED25139D5500E8BA19 /* MeshDataConverter.mm in Sources */,
				03A96CEE25139D5500E8BA19 /* lodepng.mm in Sources */,
				03A96CC6251395AD00E8BA19 /* ViewController.mm in Sources */,
				03A96CDE25139D4300E8BA19 /* ConvexHullAlgorithm.mm in Sources */,
				03A96CEF25139D5500E8BA19 /* Numerical.cpp in Sources */,
				03A96CD725139D3700E8BA19 /* AnimDataConverter.mm in Sources */,
				03A96CCE251395B100E8BA19 /* main.m in Sources */,
				03A96CDF25139D4300E8BA19 /* DataConverter.mm in Sources */,
				03A96CF325139D5D00E8BA19 /* tinyxml2.mm in Sources */,
				03A96CF625139E2300E8BA19 /* ParticleDataConverter.mm in Sources */,
				03A96CC3251395AD00E8BA19 /* AppDelegate.mm in Sources */,
			);
			runOnlyForDeploymentPostprocessing = 0;
		};
/* End PBXSourcesBuildPhase section */

/* Begin PBXVariantGroup section */
		03A96CC9251395B100E8BA19 /* Main.storyboard */ = {
			isa = PBXVariantGroup;
			children = (
				03A96CCA251395B100E8BA19 /* Base */,
			);
			name = Main.storyboard;
			sourceTree = "<group>";
		};
/* End PBXVariantGroup section */

/* Begin XCBuildConfiguration section */
		03A96CD0251395B100E8BA19 /* Debug */ = {
			isa = XCBuildConfiguration;
			buildSettings = {
				ALWAYS_SEARCH_USER_PATHS = NO;
				CLANG_ANALYZER_NONNULL = YES;
				CLANG_ANALYZER_NUMBER_OBJECT_CONVERSION = YES_AGGRESSIVE;
				CLANG_CXX_LANGUAGE_STANDARD = "gnu++14";
				CLANG_CXX_LIBRARY = "libc++";
				CLANG_ENABLE_MODULES = YES;
				CLANG_ENABLE_OBJC_ARC = YES;
				CLANG_ENABLE_OBJC_WEAK = YES;
				CLANG_WARN_BLOCK_CAPTURE_AUTORELEASING = YES;
				CLANG_WARN_BOOL_CONVERSION = YES;
				CLANG_WARN_COMMA = YES;
				CLANG_WARN_CONSTANT_CONVERSION = YES;
				CLANG_WARN_DEPRECATED_OBJC_IMPLEMENTATIONS = YES;
				CLANG_WARN_DIRECT_OBJC_ISA_USAGE = YES_ERROR;
				CLANG_WARN_DOCUMENTATION_COMMENTS = YES;
				CLANG_WARN_EMPTY_BODY = YES;
				CLANG_WARN_ENUM_CONVERSION = YES;
				CLANG_WARN_INFINITE_RECURSION = YES;
				CLANG_WARN_INT_CONVERSION = YES;
				CLANG_WARN_NON_LITERAL_NULL_CONVERSION = YES;
				CLANG_WARN_OBJC_IMPLICIT_RETAIN_SELF = YES;
				CLANG_WARN_OBJC_LITERAL_CONVERSION = YES;
				CLANG_WARN_OBJC_ROOT_CLASS = YES_ERROR;
				CLANG_WARN_RANGE_LOOP_ANALYSIS = YES;
				CLANG_WARN_STRICT_PROTOTYPES = YES;
				CLANG_WARN_SUSPICIOUS_MOVE = YES;
				CLANG_WARN_UNGUARDED_AVAILABILITY = YES_AGGRESSIVE;
				CLANG_WARN_UNREACHABLE_CODE = YES;
				CLANG_WARN__DUPLICATE_METHOD_MATCH = YES;
				COPY_PHASE_STRIP = NO;
				DEBUG_INFORMATION_FORMAT = dwarf;
				ENABLE_STRICT_OBJC_MSGSEND = YES;
				ENABLE_TESTABILITY = YES;
				GCC_C_LANGUAGE_STANDARD = gnu11;
				GCC_DYNAMIC_NO_PIC = NO;
				GCC_NO_COMMON_BLOCKS = YES;
				GCC_OPTIMIZATION_LEVEL = 0;
				GCC_PREPROCESSOR_DEFINITIONS = (
					"DEBUG=1",
					"$(inherited)",
				);
				GCC_WARN_64_TO_32_BIT_CONVERSION = YES;
				GCC_WARN_ABOUT_RETURN_TYPE = YES_ERROR;
				GCC_WARN_UNDECLARED_SELECTOR = YES;
				GCC_WARN_UNINITIALIZED_AUTOS = YES_AGGRESSIVE;
				GCC_WARN_UNUSED_FUNCTION = YES;
				GCC_WARN_UNUSED_VARIABLE = YES;
				MACOSX_DEPLOYMENT_TARGET = 10.15;
				MTL_ENABLE_DEBUG_INFO = INCLUDE_SOURCE;
				MTL_FAST_MATH = YES;
				ONLY_ACTIVE_ARCH = YES;
				SDKROOT = macosx;
			};
			name = Debug;
		};
		03A96CD1251395B100E8BA19 /* Release */ = {
			isa = XCBuildConfiguration;
			buildSettings = {
				ALWAYS_SEARCH_USER_PATHS = NO;
				CLANG_ANALYZER_NONNULL = YES;
				CLANG_ANALYZER_NUMBER_OBJECT_CONVERSION = YES_AGGRESSIVE;
				CLANG_CXX_LANGUAGE_STANDARD = "gnu++14";
				CLANG_CXX_LIBRARY = "libc++";
				CLANG_ENABLE_MODULES = YES;
				CLANG_ENABLE_OBJC_ARC = YES;
				CLANG_ENABLE_OBJC_WEAK = YES;
				CLANG_WARN_BLOCK_CAPTURE_AUTORELEASING = YES;
				CLANG_WARN_BOOL_CONVERSION = YES;
				CLANG_WARN_COMMA = YES;
				CLANG_WARN_CONSTANT_CONVERSION = YES;
				CLANG_WARN_DEPRECATED_OBJC_IMPLEMENTATIONS = YES;
				CLANG_WARN_DIRECT_OBJC_ISA_USAGE = YES_ERROR;
				CLANG_WARN_DOCUMENTATION_COMMENTS = YES;
				CLANG_WARN_EMPTY_BODY = YES;
				CLANG_WARN_ENUM_CONVERSION = YES;
				CLANG_WARN_INFINITE_RECURSION = YES;
				CLANG_WARN_INT_CONVERSION = YES;
				CLANG_WARN_NON_LITERAL_NULL_CONVERSION = YES;
				CLANG_WARN_OBJC_IMPLICIT_RETAIN_SELF = YES;
				CLANG_WARN_OBJC_LITERAL_CONVERSION = YES;
				CLANG_WARN_OBJC_ROOT_CLASS = YES_ERROR;
				CLANG_WARN_RANGE_LOOP_ANALYSIS = YES;
				CLANG_WARN_STRICT_PROTOTYPES = YES;
				CLANG_WARN_SUSPICIOUS_MOVE = YES;
				CLANG_WARN_UNGUARDED_AVAILABILITY = YES_AGGRESSIVE;
				CLANG_WARN_UNREACHABLE_CODE = YES;
				CLANG_WARN__DUPLICATE_METHOD_MATCH = YES;
				COPY_PHASE_STRIP = NO;
				DEBUG_INFORMATION_FORMAT = "dwarf-with-dsym";
				ENABLE_NS_ASSERTIONS = NO;
				ENABLE_STRICT_OBJC_MSGSEND = YES;
				GCC_C_LANGUAGE_STANDARD = gnu11;
				GCC_NO_COMMON_BLOCKS = YES;
				GCC_WARN_64_TO_32_BIT_CONVERSION = YES;
				GCC_WARN_ABOUT_RETURN_TYPE = YES_ERROR;
				GCC_WARN_UNDECLARED_SELECTOR = YES;
				GCC_WARN_UNINITIALIZED_AUTOS = YES_AGGRESSIVE;
				GCC_WARN_UNUSED_FUNCTION = YES;
				GCC_WARN_UNUSED_VARIABLE = YES;
				MACOSX_DEPLOYMENT_TARGET = 10.15;
				MTL_ENABLE_DEBUG_INFO = NO;
				MTL_FAST_MATH = YES;
				SDKROOT = macosx;
			};
			name = Release;
		};
		03A96CD3251395B100E8BA19 /* Debug */ = {
			isa = XCBuildConfiguration;
			buildSettings = {
				ASSETCATALOG_COMPILER_APPICON_NAME = AppIcon;
				CODE_SIGN_ENTITLEMENTS = DigitalAssetConverter/DigitalAssetConverter.entitlements;
				CODE_SIGN_STYLE = Automatic;
				COMBINE_HIDPI_IMAGES = YES;
				DEVELOPMENT_TEAM = W9GCJ3HCHT;
				ENABLE_HARDENED_RUNTIME = YES;
				GCC_WARN_ABOUT_RETURN_TYPE = NO;
				INFOPLIST_FILE = DigitalAssetConverter/Info.plist;
				LD_RUNPATH_SEARCH_PATHS = (
					"$(inherited)",
					"@executable_path/../Frameworks",
				);
				PRODUCT_BUNDLE_IDENTIFIER = com.untoldengine.DigitalAssetConverter;
				PRODUCT_NAME = "$(TARGET_NAME)";
			};
			name = Debug;
		};
		03A96CD4251395B100E8BA19 /* Release */ = {
			isa = XCBuildConfiguration;
			buildSettings = {
				ASSETCATALOG_COMPILER_APPICON_NAME = AppIcon;
				CODE_SIGN_ENTITLEMENTS = DigitalAssetConverter/DigitalAssetConverter.entitlements;
				CODE_SIGN_STYLE = Automatic;
				COMBINE_HIDPI_IMAGES = YES;
				DEVELOPMENT_TEAM = W9GCJ3HCHT;
				ENABLE_HARDENED_RUNTIME = YES;
				GCC_WARN_ABOUT_RETURN_TYPE = NO;
				INFOPLIST_FILE = DigitalAssetConverter/Info.plist;
				LD_RUNPATH_SEARCH_PATHS = (
					"$(inherited)",
					"@executable_path/../Frameworks",
				);
				PRODUCT_BUNDLE_IDENTIFIER = com.untoldengine.DigitalAssetConverter;
				PRODUCT_NAME = "$(TARGET_NAME)";
			};
			name = Release;
		};
/* End XCBuildConfiguration section */

/* Begin XCConfigurationList section */
		03A96CB9251395AD00E8BA19 /* Build configuration list for PBXProject "DigitalAssetConverter" */ = {
			isa = XCConfigurationList;
			buildConfigurations = (
				03A96CD0251395B100E8BA19 /* Debug */,
				03A96CD1251395B100E8BA19 /* Release */,
			);
			defaultConfigurationIsVisible = 0;
			defaultConfigurationName = Release;
		};
		03A96CD2251395B100E8BA19 /* Build configuration list for PBXNativeTarget "DigitalAssetConverter" */ = {
			isa = XCConfigurationList;
			buildConfigurations = (
				03A96CD3251395B100E8BA19 /* Debug */,
				03A96CD4251395B100E8BA19 /* Release */,
			);
			defaultConfigurationIsVisible = 0;
			defaultConfigurationName = Release;
		};
/* End XCConfigurationList section */
	};
	rootObject = 03A96CB6251395AD00E8BA19 /* Project object */;
}
